// !$*UTF8*$!
{
	archiveVersion = 1;
	classes = {
	};
	objectVersion = 46;
	objects = {

/* Begin PBXBuildFile section */
		C1C45C261E7556D90023E9DA /* main.m in Sources */ = {isa = PBXBuildFile; fileRef = C1C45C251E7556D90023E9DA /* main.m */; };
		C1C45C291E7556D90023E9DA /* AppDelegate.m in Sources */ = {isa = PBXBuildFile; fileRef = C1C45C281E7556D90023E9DA /* AppDelegate.m */; };
		C1C45C2C1E7556D90023E9DA /* ViewController.m in Sources */ = {isa = PBXBuildFile; fileRef = C1C45C2B1E7556D90023E9DA /* ViewController.m */; };
		C1C45C2F1E7556D90023E9DA /* Main.storyboard in Resources */ = {isa = PBXBuildFile; fileRef = C1C45C2D1E7556D90023E9DA /* Main.storyboard */; };
		C1C45C321E7556D90023E9DA /* video_test.xcdatamodeld in Sources */ = {isa = PBXBuildFile; fileRef = C1C45C301E7556D90023E9DA /* video_test.xcdatamodeld */; };
		C1C45C341E7556D90023E9DA /* Assets.xcassets in Resources */ = {isa = PBXBuildFile; fileRef = C1C45C331E7556D90023E9DA /* Assets.xcassets */; };
		C1C45C371E7556D90023E9DA /* LaunchScreen.storyboard in Resources */ = {isa = PBXBuildFile; fileRef = C1C45C351E7556D90023E9DA /* LaunchScreen.storyboard */; };
		C1C45C421E7556D90023E9DA /* video_testTests.m in Sources */ = {isa = PBXBuildFile; fileRef = C1C45C411E7556D90023E9DA /* video_testTests.m */; };
		C1C45C4D1E7556D90023E9DA /* video_testUITests.m in Sources */ = {isa = PBXBuildFile; fileRef = C1C45C4C1E7556D90023E9DA /* video_testUITests.m */; };
/* End PBXBuildFile section */

/* Begin PBXContainerItemProxy section */
		C1C45C3E1E7556D90023E9DA /* PBXContainerItemProxy */ = {
			isa = PBXContainerItemProxy;
			containerPortal = C1C45C191E7556D90023E9DA /* Project object */;
			proxyType = 1;
			remoteGlobalIDString = C1C45C201E7556D90023E9DA;
			remoteInfo = video_test;
		};
		C1C45C491E7556D90023E9DA /* PBXContainerItemProxy */ = {
			isa = PBXContainerItemProxy;
			containerPortal = C1C45C191E7556D90023E9DA /* Project object */;
			proxyType = 1;
			remoteGlobalIDString = C1C45C201E7556D90023E9DA;
			remoteInfo = video_test;
		};
/* End PBXContainerItemProxy section */

/* Begin PBXFileReference section */
		C1C45C211E7556D90023E9DA /* video_test.app */ = {isa = PBXFileReference; explicitFileType = wrapper.application; includeInIndex = 0; path = video_test.app; sourceTree = BUILT_PRODUCTS_DIR; };
		C1C45C251E7556D90023E9DA /* main.m */ = {isa = PBXFileReference; lastKnownFileType = sourcecode.c.objc; path = main.m; sourceTree = "<group>"; };
		C1C45C271E7556D90023E9DA /* AppDelegate.h */ = {isa = PBXFileReference; lastKnownFileType = sourcecode.c.h; path = AppDelegate.h; sourceTree = "<group>"; };
		C1C45C281E7556D90023E9DA /* AppDelegate.m */ = {isa = PBXFileReference; lastKnownFileType = sourcecode.c.objc; path = AppDelegate.m; sourceTree = "<group>"; };
		C1C45C2A1E7556D90023E9DA /* ViewController.h */ = {isa = PBXFileReference; lastKnownFileType = sourcecode.c.h; path = ViewController.h; sourceTree = "<group>"; };
		C1C45C2B1E7556D90023E9DA /* ViewController.m */ = {isa = PBXFileReference; lastKnownFileType = sourcecode.c.objc; path = ViewController.m; sourceTree = "<group>"; };
		C1C45C2E1E7556D90023E9DA /* Base */ = {isa = PBXFileReference; lastKnownFileType = file.storyboard; name = Base; path = Base.lproj/Main.storyboard; sourceTree = "<group>"; };
		C1C45C311E7556D90023E9DA /* video_test.xcdatamodel */ = {isa = PBXFileReference; lastKnownFileType = wrapper.xcdatamodel; path = video_test.xcdatamodel; sourceTree = "<group>"; };
		C1C45C331E7556D90023E9DA /* Assets.xcassets */ = {isa = PBXFileReference; lastKnownFileType = folder.assetcatalog; path = Assets.xcassets; sourceTree = "<group>"; };
		C1C45C361E7556D90023E9DA /* Base */ = {isa = PBXFileReference; lastKnownFileType = file.storyboard; name = Base; path = Base.lproj/LaunchScreen.storyboard; sourceTree = "<group>"; };
		C1C45C381E7556D90023E9DA /* Info.plist */ = {isa = PBXFileReference; lastKnownFileType = text.plist.xml; path = Info.plist; sourceTree = "<group>"; };
		C1C45C3D1E7556D90023E9DA /* video_testTests.xctest */ = {isa = PBXFileReference; explicitFileType = wrapper.cfbundle; includeInIndex = 0; path = video_testTests.xctest; sourceTree = BUILT_PRODUCTS_DIR; };
		C1C45C411E7556D90023E9DA /* video_testTests.m */ = {isa = PBXFileReference; lastKnownFileType = sourcecode.c.objc; path = video_testTests.m; sourceTree = "<group>"; };
		C1C45C431E7556D90023E9DA /* Info.plist */ = {isa = PBXFileReference; lastKnownFileType = text.plist.xml; path = Info.plist; sourceTree = "<group>"; };
		C1C45C481E7556D90023E9DA /* video_testUITests.xctest */ = {isa = PBXFileReference; explicitFileType = wrapper.cfbundle; includeInIndex = 0; path = video_testUITests.xctest; sourceTree = BUILT_PRODUCTS_DIR; };
		C1C45C4C1E7556D90023E9DA /* video_testUITests.m */ = {isa = PBXFileReference; lastKnownFileType = sourcecode.c.objc; path = video_testUITests.m; sourceTree = "<group>"; };
		C1C45C4E1E7556D90023E9DA /* Info.plist */ = {isa = PBXFileReference; lastKnownFileType = text.plist.xml; path = Info.plist; sourceTree = "<group>"; };
/* End PBXFileReference section */

/* Begin PBXFrameworksBuildPhase section */
		C1C45C1E1E7556D90023E9DA /* Frameworks */ = {
			isa = PBXFrameworksBuildPhase;
			buildActionMask = 2147483647;
			files = (
			);
			runOnlyForDeploymentPostprocessing = 0;
		};
		C1C45C3A1E7556D90023E9DA /* Frameworks */ = {
			isa = PBXFrameworksBuildPhase;
			buildActionMask = 2147483647;
			files = (
			);
			runOnlyForDeploymentPostprocessing = 0;
		};
		C1C45C451E7556D90023E9DA /* Frameworks */ = {
			isa = PBXFrameworksBuildPhase;
			buildActionMask = 2147483647;
			files = (
			);
			runOnlyForDeploymentPostprocessing = 0;
		};
/* End PBXFrameworksBuildPhase section */

/* Begin PBXGroup section */
		C1C45C181E7556D90023E9DA = {
			isa = PBXGroup;
			children = (
				C1C45C231E7556D90023E9DA /* video_test */,
				C1C45C401E7556D90023E9DA /* video_testTests */,
				C1C45C4B1E7556D90023E9DA /* video_testUITests */,
				C1C45C221E7556D90023E9DA /* Products */,
			);
			sourceTree = "<group>";
		};
		C1C45C221E7556D90023E9DA /* Products */ = {
			isa = PBXGroup;
			children = (
				C1C45C211E7556D90023E9DA /* video_test.app */,
				C1C45C3D1E7556D90023E9DA /* video_testTests.xctest */,
				C1C45C481E7556D90023E9DA /* video_testUITests.xctest */,
			);
			name = Products;
			sourceTree = "<group>";
		};
		C1C45C231E7556D90023E9DA /* video_test */ = {
			isa = PBXGroup;
			children = (
				C1C45C271E7556D90023E9DA /* AppDelegate.h */,
				C1C45C281E7556D90023E9DA /* AppDelegate.m */,
				C1C45C2A1E7556D90023E9DA /* ViewController.h */,
				C1C45C2B1E7556D90023E9DA /* ViewController.m */,
				C1C45C2D1E7556D90023E9DA /* Main.storyboard */,
				C1C45C331E7556D90023E9DA /* Assets.xcassets */,
				C1C45C351E7556D90023E9DA /* LaunchScreen.storyboard */,
				C1C45C381E7556D90023E9DA /* Info.plist */,
				C1C45C301E7556D90023E9DA /* video_test.xcdatamodeld */,
				C1C45C241E7556D90023E9DA /* Supporting Files */,
			);
			path = video_test;
			sourceTree = "<group>";
		};
		C1C45C241E7556D90023E9DA /* Supporting Files */ = {
			isa = PBXGroup;
			children = (
				C1C45C251E7556D90023E9DA /* main.m */,
			);
			name = "Supporting Files";
			sourceTree = "<group>";
		};
		C1C45C401E7556D90023E9DA /* video_testTests */ = {
			isa = PBXGroup;
			children = (
				C1C45C411E7556D90023E9DA /* video_testTests.m */,
				C1C45C431E7556D90023E9DA /* Info.plist */,
			);
			path = video_testTests;
			sourceTree = "<group>";
		};
		C1C45C4B1E7556D90023E9DA /* video_testUITests */ = {
			isa = PBXGroup;
			children = (
				C1C45C4C1E7556D90023E9DA /* video_testUITests.m */,
				C1C45C4E1E7556D90023E9DA /* Info.plist */,
			);
			path = video_testUITests;
			sourceTree = "<group>";
		};
/* End PBXGroup section */

/* Begin PBXNativeTarget section */
		C1C45C201E7556D90023E9DA /* video_test */ = {
			isa = PBXNativeTarget;
			buildConfigurationList = C1C45C511E7556D90023E9DA /* Build configuration list for PBXNativeTarget "video_test" */;
			buildPhases = (
				C1C45C1D1E7556D90023E9DA /* Sources */,
				C1C45C1E1E7556D90023E9DA /* Frameworks */,
				C1C45C1F1E7556D90023E9DA /* Resources */,
			);
			buildRules = (
			);
			dependencies = (
			);
			name = video_test;
			productName = video_test;
			productReference = C1C45C211E7556D90023E9DA /* video_test.app */;
			productType = "com.apple.product-type.application";
		};
		C1C45C3C1E7556D90023E9DA /* video_testTests */ = {
			isa = PBXNativeTarget;
			buildConfigurationList = C1C45C541E7556D90023E9DA /* Build configuration list for PBXNativeTarget "video_testTests" */;
			buildPhases = (
				C1C45C391E7556D90023E9DA /* Sources */,
				C1C45C3A1E7556D90023E9DA /* Frameworks */,
				C1C45C3B1E7556D90023E9DA /* Resources */,
			);
			buildRules = (
			);
			dependencies = (
				C1C45C3F1E7556D90023E9DA /* PBXTargetDependency */,
			);
			name = video_testTests;
			productName = video_testTests;
			productReference = C1C45C3D1E7556D90023E9DA /* video_testTests.xctest */;
			productType = "com.apple.product-type.bundle.unit-test";
		};
		C1C45C471E7556D90023E9DA /* video_testUITests */ = {
			isa = PBXNativeTarget;
			buildConfigurationList = C1C45C571E7556D90023E9DA /* Build configuration list for PBXNativeTarget "video_testUITests" */;
			buildPhases = (
				C1C45C441E7556D90023E9DA /* Sources */,
				C1C45C451E7556D90023E9DA /* Frameworks */,
				C1C45C461E7556D90023E9DA /* Resources */,
			);
			buildRules = (
			);
			dependencies = (
				C1C45C4A1E7556D90023E9DA /* PBXTargetDependency */,
			);
			name = video_testUITests;
			productName = video_testUITests;
			productReference = C1C45C481E7556D90023E9DA /* video_testUITests.xctest */;
			productType = "com.apple.product-type.bundle.ui-testing";
		};
/* End PBXNativeTarget section */

/* Begin PBXProject section */
		C1C45C191E7556D90023E9DA /* Project object */ = {
			isa = PBXProject;
			attributes = {
				LastUpgradeCheck = 0820;
				ORGANIZATIONNAME = zhubo.steven;
				TargetAttributes = {
					C1C45C201E7556D90023E9DA = {
						CreatedOnToolsVersion = 8.2.1;
						ProvisioningStyle = Automatic;
					};
					C1C45C3C1E7556D90023E9DA = {
						CreatedOnToolsVersion = 8.2.1;
						ProvisioningStyle = Automatic;
						TestTargetID = C1C45C201E7556D90023E9DA;
					};
					C1C45C471E7556D90023E9DA = {
						CreatedOnToolsVersion = 8.2.1;
						ProvisioningStyle = Automatic;
						TestTargetID = C1C45C201E7556D90023E9DA;
					};
				};
			};
			buildConfigurationList = C1C45C1C1E7556D90023E9DA /* Build configuration list for PBXProject "video_test" */;
			compatibilityVersion = "Xcode 3.2";
			developmentRegion = English;
			hasScannedForEncodings = 0;
			knownRegions = (
				en,
				Base,
			);
			mainGroup = C1C45C181E7556D90023E9DA;
			productRefGroup = C1C45C221E7556D90023E9DA /* Products */;
			projectDirPath = "";
			projectRoot = "";
			targets = (
				C1C45C201E7556D90023E9DA /* video_test */,
				C1C45C3C1E7556D90023E9DA /* video_testTests */,
				C1C45C471E7556D90023E9DA /* video_testUITests */,
			);
		};
/* End PBXProject section */

/* Begin PBXResourcesBuildPhase section */
		C1C45C1F1E7556D90023E9DA /* Resources */ = {
			isa = PBXResourcesBuildPhase;
			buildActionMask = 2147483647;
			files = (
				C1C45C371E7556D90023E9DA /* LaunchScreen.storyboard in Resources */,
				C1C45C341E7556D90023E9DA /* Assets.xcassets in Resources */,
				C1C45C2F1E7556D90023E9DA /* Main.storyboard in Resources */,
			);
			runOnlyForDeploymentPostprocessing = 0;
		};
		C1C45C3B1E7556D90023E9DA /* Resources */ = {
			isa = PBXResourcesBuildPhase;
			buildActionMask = 2147483647;
			files = (
			);
			runOnlyForDeploymentPostprocessing = 0;
		};
		C1C45C461E7556D90023E9DA /* Resources */ = {
			isa = PBXResourcesBuildPhase;
			buildActionMask = 2147483647;
			files = (
			);
			runOnlyForDeploymentPostprocessing = 0;
		};
/* End PBXResourcesBuildPhase section */

/* Begin PBXSourcesBuildPhase section */
		C1C45C1D1E7556D90023E9DA /* Sources */ = {
			isa = PBXSourcesBuildPhase;
			buildActionMask = 2147483647;
			files = (
				C1C45C2C1E7556D90023E9DA /* ViewController.m in Sources */,
				C1C45C321E7556D90023E9DA /* video_test.xcdatamodeld in Sources */,
				C1C45C291E7556D90023E9DA /* AppDelegate.m in Sources */,
				C1C45C261E7556D90023E9DA /* main.m in Sources */,
			);
			runOnlyForDeploymentPostprocessing = 0;
		};
		C1C45C391E7556D90023E9DA /* Sources */ = {
			isa = PBXSourcesBuildPhase;
			buildActionMask = 2147483647;
			files = (
				C1C45C421E7556D90023E9DA /* video_testTests.m in Sources */,
			);
			runOnlyForDeploymentPostprocessing = 0;
		};
		C1C45C441E7556D90023E9DA /* Sources */ = {
			isa = PBXSourcesBuildPhase;
			buildActionMask = 2147483647;
			files = (
				C1C45C4D1E7556D90023E9DA /* video_testUITests.m in Sources */,
			);
			runOnlyForDeploymentPostprocessing = 0;
		};
/* End PBXSourcesBuildPhase section */

/* Begin PBXTargetDependency section */
		C1C45C3F1E7556D90023E9DA /* PBXTargetDependency */ = {
			isa = PBXTargetDependency;
			target = C1C45C201E7556D90023E9DA /* video_test */;
			targetProxy = C1C45C3E1E7556D90023E9DA /* PBXContainerItemProxy */;
		};
		C1C45C4A1E7556D90023E9DA /* PBXTargetDependency */ = {
			isa = PBXTargetDependency;
			target = C1C45C201E7556D90023E9DA /* video_test */;
			targetProxy = C1C45C491E7556D90023E9DA /* PBXContainerItemProxy */;
		};
/* End PBXTargetDependency section */

/* Begin PBXVariantGroup section */
		C1C45C2D1E7556D90023E9DA /* Main.storyboard */ = {
			isa = PBXVariantGroup;
			children = (
				C1C45C2E1E7556D90023E9DA /* Base */,
			);
			name = Main.storyboard;
			sourceTree = "<group>";
		};
		C1C45C351E7556D90023E9DA /* LaunchScreen.storyboard */ = {
			isa = PBXVariantGroup;
			children = (
				C1C45C361E7556D90023E9DA /* Base */,
			);
			name = LaunchScreen.storyboard;
			sourceTree = "<group>";
		};
/* End PBXVariantGroup section */

/* Begin XCBuildConfiguration section */
		C1C45C4F1E7556D90023E9DA /* Debug */ = {
			isa = XCBuildConfiguration;
			buildSettings = {
				ALWAYS_SEARCH_USER_PATHS = NO;
				CLANG_ANALYZER_NONNULL = YES;
				CLANG_CXX_LANGUAGE_STANDARD = "gnu++0x";
				CLANG_CXX_LIBRARY = "libc++";
				CLANG_ENABLE_MODULES = YES;
				CLANG_ENABLE_OBJC_ARC = YES;
				CLANG_WARN_BOOL_CONVERSION = YES;
				CLANG_WARN_CONSTANT_CONVERSION = YES;
				CLANG_WARN_DIRECT_OBJC_ISA_USAGE = YES_ERROR;
				CLANG_WARN_DOCUMENTATION_COMMENTS = YES;
				CLANG_WARN_EMPTY_BODY = YES;
				CLANG_WARN_ENUM_CONVERSION = YES;
				CLANG_WARN_INFINITE_RECURSION = YES;
				CLANG_WARN_INT_CONVERSION = YES;
				CLANG_WARN_OBJC_ROOT_CLASS = YES_ERROR;
				CLANG_WARN_SUSPICIOUS_MOVE = YES;
				CLANG_WARN_UNREACHABLE_CODE = YES;
				CLANG_WARN__DUPLICATE_METHOD_MATCH = YES;
				"CODE_SIGN_IDENTITY[sdk=iphoneos*]" = "iPhone Developer";
				COPY_PHASE_STRIP = NO;
				DEBUG_INFORMATION_FORMAT = dwarf;
				ENABLE_STRICT_OBJC_MSGSEND = YES;
				ENABLE_TESTABILITY = YES;
				GCC_C_LANGUAGE_STANDARD = gnu99;
				GCC_DYNAMIC_NO_PIC = NO;
				GCC_NO_COMMON_BLOCKS = YES;
				GCC_OPTIMIZATION_LEVEL = 0;
				GCC_PREPROCESSOR_DEFINITIONS = (
					"DEBUG=1",
					"$(inherited)",
				);
				GCC_WARN_64_TO_32_BIT_CONVERSION = YES;
				GCC_WARN_ABOUT_RETURN_TYPE = YES_ERROR;
				GCC_WARN_UNDECLARED_SELECTOR = YES;
				GCC_WARN_UNINITIALIZED_AUTOS = YES_AGGRESSIVE;
				GCC_WARN_UNUSED_FUNCTION = YES;
				GCC_WARN_UNUSED_VARIABLE = YES;
				IPHONEOS_DEPLOYMENT_TARGET = 10.2;
				MTL_ENABLE_DEBUG_INFO = YES;
				ONLY_ACTIVE_ARCH = YES;
				SDKROOT = iphoneos;
				TARGETED_DEVICE_FAMILY = "1,2";
			};
			name = Debug;
		};
		C1C45C501E7556D90023E9DA /* Release */ = {
			isa = XCBuildConfiguration;
			buildSettings = {
				ALWAYS_SEARCH_USER_PATHS = NO;
				CLANG_ANALYZER_NONNULL = YES;
				CLANG_CXX_LANGUAGE_STANDARD = "gnu++0x";
				CLANG_CXX_LIBRARY = "libc++";
				CLANG_ENABLE_MODULES = YES;
				CLANG_ENABLE_OBJC_ARC = YES;
				CLANG_WARN_BOOL_CONVERSION = YES;
				CLANG_WARN_CONSTANT_CONVERSION = YES;
				CLANG_WARN_DIRECT_OBJC_ISA_USAGE = YES_ERROR;
				CLANG_WARN_DOCUMENTATION_COMMENTS = YES;
				CLANG_WARN_EMPTY_BODY = YES;
				CLANG_WARN_ENUM_CONVERSION = YES;
				CLANG_WARN_INFINITE_RECURSION = YES;
				CLANG_WARN_INT_CONVERSION = YES;
				CLANG_WARN_OBJC_ROOT_CLASS = YES_ERROR;
				CLANG_WARN_SUSPICIOUS_MOVE = YES;
				CLANG_WARN_UNREACHABLE_CODE = YES;
				CLANG_WARN__DUPLICATE_METHOD_MATCH = YES;
				"CODE_SIGN_IDENTITY[sdk=iphoneos*]" = "iPhone Developer";
				COPY_PHASE_STRIP = NO;
				DEBUG_INFORMATION_FORMAT = "dwarf-with-dsym";
				ENABLE_NS_ASSERTIONS = NO;
				ENABLE_STRICT_OBJC_MSGSEND = YES;
				GCC_C_LANGUAGE_STANDARD = gnu99;
				GCC_NO_COMMON_BLOCKS = YES;
				GCC_WARN_64_TO_32_BIT_CONVERSION = YES;
				GCC_WARN_ABOUT_RETURN_TYPE = YES_ERROR;
				GCC_WARN_UNDECLARED_SELECTOR = YES;
				GCC_WARN_UNINITIALIZED_AUTOS = YES_AGGRESSIVE;
				GCC_WARN_UNUSED_FUNCTION = YES;
				GCC_WARN_UNUSED_VARIABLE = YES;
				IPHONEOS_DEPLOYMENT_TARGET = 10.2;
				MTL_ENABLE_DEBUG_INFO = NO;
				SDKROOT = iphoneos;
				TARGETED_DEVICE_FAMILY = "1,2";
				VALIDATE_PRODUCT = YES;
			};
			name = Release;
		};
		C1C45C521E7556D90023E9DA /* Debug */ = {
			isa = XCBuildConfiguration;
			buildSettings = {
				ASSETCATALOG_COMPILER_APPICON_NAME = AppIcon;
				INFOPLIST_FILE = video_test/Info.plist;
				LD_RUNPATH_SEARCH_PATHS = "$(inherited) @executable_path/Frameworks";
				PRODUCT_BUNDLE_IDENTIFIER = "videotest.video-test";
				PRODUCT_NAME = "$(TARGET_NAME)";
			};
			name = Debug;
		};
		C1C45C531E7556D90023E9DA /* Release */ = {
			isa = XCBuildConfiguration;
			buildSettings = {
				ASSETCATALOG_COMPILER_APPICON_NAME = AppIcon;
				INFOPLIST_FILE = video_test/Info.plist;
				LD_RUNPATH_SEARCH_PATHS = "$(inherited) @executable_path/Frameworks";
				PRODUCT_BUNDLE_IDENTIFIER = "videotest.video-test";
				PRODUCT_NAME = "$(TARGET_NAME)";
			};
			name = Release;
		};
		C1C45C551E7556D90023E9DA /* Debug */ = {
			isa = XCBuildConfiguration;
			buildSettings = {
				BUNDLE_LOADER = "$(TEST_HOST)";
				INFOPLIST_FILE = video_testTests/Info.plist;
				LD_RUNPATH_SEARCH_PATHS = "$(inherited) @executable_path/Frameworks @loader_path/Frameworks";
				PRODUCT_BUNDLE_IDENTIFIER = "videotest.video-testTests";
				PRODUCT_NAME = "$(TARGET_NAME)";
				TEST_HOST = "$(BUILT_PRODUCTS_DIR)/video_test.app/video_test";
			};
			name = Debug;
		};
		C1C45C561E7556D90023E9DA /* Release */ = {
			isa = XCBuildConfiguration;
			buildSettings = {
				BUNDLE_LOADER = "$(TEST_HOST)";
				INFOPLIST_FILE = video_testTests/Info.plist;
				LD_RUNPATH_SEARCH_PATHS = "$(inherited) @executable_path/Frameworks @loader_path/Frameworks";
				PRODUCT_BUNDLE_IDENTIFIER = "videotest.video-testTests";
				PRODUCT_NAME = "$(TARGET_NAME)";
				TEST_HOST = "$(BUILT_PRODUCTS_DIR)/video_test.app/video_test";
			};
			name = Release;
		};
		C1C45C581E7556D90023E9DA /* Debug */ = {
			isa = XCBuildConfiguration;
			buildSettings = {
				INFOPLIST_FILE = video_testUITests/Info.plist;
				LD_RUNPATH_SEARCH_PATHS = "$(inherited) @executable_path/Frameworks @loader_path/Frameworks";
				PRODUCT_BUNDLE_IDENTIFIER = "videotest.video-testUITests";
				PRODUCT_NAME = "$(TARGET_NAME)";
				TEST_TARGET_NAME = video_test;
			};
			name = Debug;
		};
		C1C45C591E7556D90023E9DA /* Release */ = {
			isa = XCBuildConfiguration;
			buildSettings = {
				INFOPLIST_FILE = video_testUITests/Info.plist;
				LD_RUNPATH_SEARCH_PATHS = "$(inherited) @executable_path/Frameworks @loader_path/Frameworks";
				PRODUCT_BUNDLE_IDENTIFIER = "videotest.video-testUITests";
				PRODUCT_NAME = "$(TARGET_NAME)";
				TEST_TARGET_NAME = video_test;
			};
			name = Release;
		};
/* End XCBuildConfiguration section */

/* Begin XCConfigurationList section */
		C1C45C1C1E7556D90023E9DA /* Build configuration list for PBXProject "video_test" */ = {
			isa = XCConfigurationList;
			buildConfigurations = (
				C1C45C4F1E7556D90023E9DA /* Debug */,
				C1C45C501E7556D90023E9DA /* Release */,
			);
			defaultConfigurationIsVisible = 0;
			defaultConfigurationName = Release;
		};
		C1C45C511E7556D90023E9DA /* Build configuration list for PBXNativeTarget "video_test" */ = {
			isa = XCConfigurationList;
			buildConfigurations = (
				C1C45C521E7556D90023E9DA /* Debug */,
				C1C45C531E7556D90023E9DA /* Release */,
			);
			defaultConfigurationIsVisible = 0;
		};
		C1C45C541E7556D90023E9DA /* Build configuration list for PBXNativeTarget "video_testTests" */ = {
			isa = XCConfigurationList;
			buildConfigurations = (
				C1C45C551E7556D90023E9DA /* Debug */,
				C1C45C561E7556D90023E9DA /* Release */,
			);
			defaultConfigurationIsVisible = 0;
		};
		C1C45C571E7556D90023E9DA /* Build configuration list for PBXNativeTarget "video_testUITests" */ = {
			isa = XCConfigurationList;
			buildConfigurations = (
				C1C45C581E7556D90023E9DA /* Debug */,
				C1C45C591E7556D90023E9DA /* Release */,
			);
			defaultConfigurationIsVisible = 0;
		};
/* End XCConfigurationList section */

/* Begin XCVersionGroup section */
		C1C45C301E7556D90023E9DA /* video_test.xcdatamodeld */ = {
			isa = XCVersionGroup;
			children = (
				C1C45C311E7556D90023E9DA /* video_test.xcdatamodel */,
			);
			currentVersion = C1C45C311E7556D90023E9DA /* video_test.xcdatamodel */;
			path = video_test.xcdatamodeld;
			sourceTree = "<group>";
			versionGroupType = wrapper.xcdatamodel;
		};
/* End XCVersionGroup section */
	};
	rootObject = C1C45C191E7556D90023E9DA /* Project object */;
}
